// !$*UTF8*$!
{
	archiveVersion = 1;
	classes = {
	};
	objectVersion = 55;
	objects = {

/* Begin PBXBuildFile section */
		5262158A28D3940700C89D2A /* HowItWorks.swift in Sources */ = {isa = PBXBuildFile; fileRef = 5262158928D3940700C89D2A /* HowItWorks.swift */; };
		5262158D28D578CA00C89D2A /* SnapToScroll in Frameworks */ = {isa = PBXBuildFile; productRef = 5262158C28D578CA00C89D2A /* SnapToScroll */; };
		E90FDF9428D8E24900091CA7 /* SearchResults.swift in Sources */ = {isa = PBXBuildFile; fileRef = E90FDF9328D8E24900091CA7 /* SearchResults.swift */; };
		E90FDF9628DA36A000091CA7 /* FilterSortButton.swift in Sources */ = {isa = PBXBuildFile; fileRef = E90FDF9528DA36A000091CA7 /* FilterSortButton.swift */; };
		E90FDF9828E4CD1F00091CA7 /* try.swift in Sources */ = {isa = PBXBuildFile; fileRef = E90FDF9728E4CD1F00091CA7 /* try.swift */; };
		E9411EED28D3A9D600DB590D /* DirectSearch.swift in Sources */ = {isa = PBXBuildFile; fileRef = E9411EEC28D3A9D600DB590D /* DirectSearch.swift */; };
		E98F7B7528CF786A007A6024 /* RiftApp.swift in Sources */ = {isa = PBXBuildFile; fileRef = E98F7B4D28CF7867007A6024 /* RiftApp.swift */; };
		E98F7B7628CF786A007A6024 /* RiftApp.swift in Sources */ = {isa = PBXBuildFile; fileRef = E98F7B4D28CF7867007A6024 /* RiftApp.swift */; };
		E98F7B7728CF786A007A6024 /* ContentView.swift in Sources */ = {isa = PBXBuildFile; fileRef = E98F7B4E28CF7867007A6024 /* ContentView.swift */; };
		E98F7B7828CF786A007A6024 /* ContentView.swift in Sources */ = {isa = PBXBuildFile; fileRef = E98F7B4E28CF7867007A6024 /* ContentView.swift */; };
		E98F7B7928CF786A007A6024 /* Assets.xcassets in Resources */ = {isa = PBXBuildFile; fileRef = E98F7B4F28CF786A007A6024 /* Assets.xcassets */; };
		E98F7B7A28CF786A007A6024 /* Assets.xcassets in Resources */ = {isa = PBXBuildFile; fileRef = E98F7B4F28CF786A007A6024 /* Assets.xcassets */; };
		E98F7B9528CF8CBC007A6024 /* Home.swift in Sources */ = {isa = PBXBuildFile; fileRef = E98F7B9428CF8CBC007A6024 /* Home.swift */; };
		E98F7B9728CF8CC4007A6024 /* Search.swift in Sources */ = {isa = PBXBuildFile; fileRef = E98F7B9628CF8CC4007A6024 /* Search.swift */; };
		E98F7B9928CF8CCD007A6024 /* Closet.swift in Sources */ = {isa = PBXBuildFile; fileRef = E98F7B9828CF8CCD007A6024 /* Closet.swift */; };
		E98F7B9B28CF8CD3007A6024 /* Account.swift in Sources */ = {isa = PBXBuildFile; fileRef = E98F7B9A28CF8CD3007A6024 /* Account.swift */; };
		E98F7B9E28D3944A007A6024 /* SearchBar.swift in Sources */ = {isa = PBXBuildFile; fileRef = E98F7B9D28D3944A007A6024 /* SearchBar.swift */; };
/* End PBXBuildFile section */

/* Begin PBXContainerItemProxy section */
		E98F7B6228CF786A007A6024 /* PBXContainerItemProxy */ = {
			isa = PBXContainerItemProxy;
			containerPortal = E98F7B4828CF7867007A6024 /* Project object */;
			proxyType = 1;
			remoteGlobalIDString = E98F7B5328CF786A007A6024;
			remoteInfo = "Rift (iOS)";
		};
		E98F7B6E28CF786A007A6024 /* PBXContainerItemProxy */ = {
			isa = PBXContainerItemProxy;
			containerPortal = E98F7B4828CF7867007A6024 /* Project object */;
			proxyType = 1;
			remoteGlobalIDString = E98F7B5928CF786A007A6024;
			remoteInfo = "Rift (macOS)";
		};
/* End PBXContainerItemProxy section */

/* Begin PBXFileReference section */
		5262158928D3940700C89D2A /* HowItWorks.swift */ = {isa = PBXFileReference; lastKnownFileType = sourcecode.swift; path = HowItWorks.swift; sourceTree = "<group>"; };
		E90FDF9328D8E24900091CA7 /* SearchResults.swift */ = {isa = PBXFileReference; lastKnownFileType = sourcecode.swift; path = SearchResults.swift; sourceTree = "<group>"; };
		E90FDF9528DA36A000091CA7 /* FilterSortButton.swift */ = {isa = PBXFileReference; lastKnownFileType = sourcecode.swift; path = FilterSortButton.swift; sourceTree = "<group>"; };
		E90FDF9728E4CD1F00091CA7 /* try.swift */ = {isa = PBXFileReference; lastKnownFileType = sourcecode.swift; path = try.swift; sourceTree = "<group>"; };
		E9411EEC28D3A9D600DB590D /* DirectSearch.swift */ = {isa = PBXFileReference; lastKnownFileType = sourcecode.swift; path = DirectSearch.swift; sourceTree = "<group>"; };
		E98F7B4D28CF7867007A6024 /* RiftApp.swift */ = {isa = PBXFileReference; lastKnownFileType = sourcecode.swift; path = RiftApp.swift; sourceTree = "<group>"; };
		E98F7B4E28CF7867007A6024 /* ContentView.swift */ = {isa = PBXFileReference; lastKnownFileType = sourcecode.swift; path = ContentView.swift; sourceTree = "<group>"; };
		E98F7B4F28CF786A007A6024 /* Assets.xcassets */ = {isa = PBXFileReference; lastKnownFileType = folder.assetcatalog; path = Assets.xcassets; sourceTree = "<group>"; };
		E98F7B5428CF786A007A6024 /* Rift.app */ = {isa = PBXFileReference; explicitFileType = wrapper.application; includeInIndex = 0; path = Rift.app; sourceTree = BUILT_PRODUCTS_DIR; };
		E98F7B5A28CF786A007A6024 /* Rift.app */ = {isa = PBXFileReference; explicitFileType = wrapper.application; includeInIndex = 0; path = Rift.app; sourceTree = BUILT_PRODUCTS_DIR; };
		E98F7B6128CF786A007A6024 /* Tests iOS.xctest */ = {isa = PBXFileReference; explicitFileType = wrapper.cfbundle; includeInIndex = 0; path = "Tests iOS.xctest"; sourceTree = BUILT_PRODUCTS_DIR; };
		E98F7B6D28CF786A007A6024 /* Tests macOS.xctest */ = {isa = PBXFileReference; explicitFileType = wrapper.cfbundle; includeInIndex = 0; path = "Tests macOS.xctest"; sourceTree = BUILT_PRODUCTS_DIR; };
		E98F7B9428CF8CBC007A6024 /* Home.swift */ = {isa = PBXFileReference; lastKnownFileType = sourcecode.swift; path = Home.swift; sourceTree = "<group>"; };
		E98F7B9628CF8CC4007A6024 /* Search.swift */ = {isa = PBXFileReference; lastKnownFileType = sourcecode.swift; path = Search.swift; sourceTree = "<group>"; };
		E98F7B9828CF8CCD007A6024 /* Closet.swift */ = {isa = PBXFileReference; lastKnownFileType = sourcecode.swift; path = Closet.swift; sourceTree = "<group>"; };
		E98F7B9A28CF8CD3007A6024 /* Account.swift */ = {isa = PBXFileReference; lastKnownFileType = sourcecode.swift; path = Account.swift; sourceTree = "<group>"; };
		E98F7B9D28D3944A007A6024 /* SearchBar.swift */ = {isa = PBXFileReference; lastKnownFileType = sourcecode.swift; path = SearchBar.swift; sourceTree = "<group>"; };
/* End PBXFileReference section */

/* Begin PBXFrameworksBuildPhase section */
		E98F7B5128CF786A007A6024 /* Frameworks */ = {
			isa = PBXFrameworksBuildPhase;
			buildActionMask = 2147483647;
			files = (
				5262158D28D578CA00C89D2A /* SnapToScroll in Frameworks */,
			);
			runOnlyForDeploymentPostprocessing = 0;
		};
		E98F7B5728CF786A007A6024 /* Frameworks */ = {
			isa = PBXFrameworksBuildPhase;
			buildActionMask = 2147483647;
			files = (
			);
			runOnlyForDeploymentPostprocessing = 0;
		};
		E98F7B5E28CF786A007A6024 /* Frameworks */ = {
			isa = PBXFrameworksBuildPhase;
			buildActionMask = 2147483647;
			files = (
			);
			runOnlyForDeploymentPostprocessing = 0;
		};
		E98F7B6A28CF786A007A6024 /* Frameworks */ = {
			isa = PBXFrameworksBuildPhase;
			buildActionMask = 2147483647;
			files = (
			);
			runOnlyForDeploymentPostprocessing = 0;
		};
/* End PBXFrameworksBuildPhase section */

/* Begin PBXGroup section */
		E98F7B4728CF7867007A6024 = {
			isa = PBXGroup;
			children = (
				E98F7B4C28CF7867007A6024 /* Shared */,
				E98F7B5528CF786A007A6024 /* Products */,
			);
			sourceTree = "<group>";
		};
		E98F7B4C28CF7867007A6024 /* Shared */ = {
			isa = PBXGroup;
			children = (
				E98F7B9C28D393FB007A6024 /* Components */,
				E98F7B8928CF8BF2007A6024 /* Views */,
				E98F7B4D28CF7867007A6024 /* RiftApp.swift */,
				E98F7B4E28CF7867007A6024 /* ContentView.swift */,
				E98F7B4F28CF786A007A6024 /* Assets.xcassets */,
			);
			path = Shared;
			sourceTree = "<group>";
		};
		E98F7B5528CF786A007A6024 /* Products */ = {
			isa = PBXGroup;
			children = (
				E98F7B5428CF786A007A6024 /* Rift.app */,
				E98F7B5A28CF786A007A6024 /* Rift.app */,
				E98F7B6128CF786A007A6024 /* Tests iOS.xctest */,
				E98F7B6D28CF786A007A6024 /* Tests macOS.xctest */,
			);
			name = Products;
			sourceTree = "<group>";
		};
		E98F7B8928CF8BF2007A6024 /* Views */ = {
			isa = PBXGroup;
			children = (
				E98F7B9428CF8CBC007A6024 /* Home.swift */,
				E98F7B9628CF8CC4007A6024 /* Search.swift */,
				E98F7B9828CF8CCD007A6024 /* Closet.swift */,
				E98F7B9A28CF8CD3007A6024 /* Account.swift */,
				E9411EEC28D3A9D600DB590D /* DirectSearch.swift */,
				5262158928D3940700C89D2A /* HowItWorks.swift */,
				E90FDF9328D8E24900091CA7 /* SearchResults.swift */,
				E90FDF9728E4CD1F00091CA7 /* try.swift */,
			);
			path = Views;
			sourceTree = "<group>";
		};
		E98F7B9C28D393FB007A6024 /* Components */ = {
			isa = PBXGroup;
			children = (
				E98F7B9D28D3944A007A6024 /* SearchBar.swift */,
				E90FDF9528DA36A000091CA7 /* FilterSortButton.swift */,
			);
			path = Components;
			sourceTree = "<group>";
		};
/* End PBXGroup section */

/* Begin PBXNativeTarget section */
		E98F7B5328CF786A007A6024 /* Rift (iOS) */ = {
			isa = PBXNativeTarget;
			buildConfigurationList = E98F7B7D28CF786A007A6024 /* Build configuration list for PBXNativeTarget "Rift (iOS)" */;
			buildPhases = (
				E98F7B5028CF786A007A6024 /* Sources */,
				E98F7B5128CF786A007A6024 /* Frameworks */,
				E98F7B5228CF786A007A6024 /* Resources */,
			);
			buildRules = (
			);
			dependencies = (
			);
			name = "Rift (iOS)";
			packageProductDependencies = (
				5262158C28D578CA00C89D2A /* SnapToScroll */,
			);
			productName = "Rift (iOS)";
			productReference = E98F7B5428CF786A007A6024 /* Rift.app */;
			productType = "com.apple.product-type.application";
		};
		E98F7B5928CF786A007A6024 /* Rift (macOS) */ = {
			isa = PBXNativeTarget;
			buildConfigurationList = E98F7B8028CF786A007A6024 /* Build configuration list for PBXNativeTarget "Rift (macOS)" */;
			buildPhases = (
				E98F7B5628CF786A007A6024 /* Sources */,
				E98F7B5728CF786A007A6024 /* Frameworks */,
				E98F7B5828CF786A007A6024 /* Resources */,
			);
			buildRules = (
			);
			dependencies = (
			);
			name = "Rift (macOS)";
			productName = "Rift (macOS)";
			productReference = E98F7B5A28CF786A007A6024 /* Rift.app */;
			productType = "com.apple.product-type.application";
		};
		E98F7B6028CF786A007A6024 /* Tests iOS */ = {
			isa = PBXNativeTarget;
			buildConfigurationList = E98F7B8328CF786A007A6024 /* Build configuration list for PBXNativeTarget "Tests iOS" */;
			buildPhases = (
				E98F7B5D28CF786A007A6024 /* Sources */,
				E98F7B5E28CF786A007A6024 /* Frameworks */,
				E98F7B5F28CF786A007A6024 /* Resources */,
			);
			buildRules = (
			);
			dependencies = (
				E98F7B6328CF786A007A6024 /* PBXTargetDependency */,
			);
			name = "Tests iOS";
			productName = "Tests iOS";
			productReference = E98F7B6128CF786A007A6024 /* Tests iOS.xctest */;
			productType = "com.apple.product-type.bundle.ui-testing";
		};
		E98F7B6C28CF786A007A6024 /* Tests macOS */ = {
			isa = PBXNativeTarget;
			buildConfigurationList = E98F7B8628CF786A007A6024 /* Build configuration list for PBXNativeTarget "Tests macOS" */;
			buildPhases = (
				E98F7B6928CF786A007A6024 /* Sources */,
				E98F7B6A28CF786A007A6024 /* Frameworks */,
				E98F7B6B28CF786A007A6024 /* Resources */,
			);
			buildRules = (
			);
			dependencies = (
				E98F7B6F28CF786A007A6024 /* PBXTargetDependency */,
			);
			name = "Tests macOS";
			productName = "Tests macOS";
			productReference = E98F7B6D28CF786A007A6024 /* Tests macOS.xctest */;
			productType = "com.apple.product-type.bundle.ui-testing";
		};
/* End PBXNativeTarget section */

/* Begin PBXProject section */
		E98F7B4828CF7867007A6024 /* Project object */ = {
			isa = PBXProject;
			attributes = {
				BuildIndependentTargetsInParallel = 1;
				LastSwiftUpdateCheck = 1340;
				LastUpgradeCheck = 1340;
				TargetAttributes = {
					E98F7B5328CF786A007A6024 = {
						CreatedOnToolsVersion = 13.4.1;
					};
					E98F7B5928CF786A007A6024 = {
						CreatedOnToolsVersion = 13.4.1;
					};
					E98F7B6028CF786A007A6024 = {
						CreatedOnToolsVersion = 13.4.1;
						TestTargetID = E98F7B5328CF786A007A6024;
					};
					E98F7B6C28CF786A007A6024 = {
						CreatedOnToolsVersion = 13.4.1;
						TestTargetID = E98F7B5928CF786A007A6024;
					};
				};
			};
			buildConfigurationList = E98F7B4B28CF7867007A6024 /* Build configuration list for PBXProject "Rift" */;
			compatibilityVersion = "Xcode 13.0";
			developmentRegion = en;
			hasScannedForEncodings = 0;
			knownRegions = (
				en,
				Base,
			);
			mainGroup = E98F7B4728CF7867007A6024;
			packageReferences = (
				5262158B28D578C900C89D2A /* XCRemoteSwiftPackageReference "hstack-snap-to-scroll" */,
			);
			productRefGroup = E98F7B5528CF786A007A6024 /* Products */;
			projectDirPath = "";
			projectRoot = "";
			targets = (
				E98F7B5328CF786A007A6024 /* Rift (iOS) */,
				E98F7B5928CF786A007A6024 /* Rift (macOS) */,
				E98F7B6028CF786A007A6024 /* Tests iOS */,
				E98F7B6C28CF786A007A6024 /* Tests macOS */,
			);
		};
/* End PBXProject section */

/* Begin PBXResourcesBuildPhase section */
		E98F7B5228CF786A007A6024 /* Resources */ = {
			isa = PBXResourcesBuildPhase;
			buildActionMask = 2147483647;
			files = (
				E98F7B7928CF786A007A6024 /* Assets.xcassets in Resources */,
			);
			runOnlyForDeploymentPostprocessing = 0;
		};
		E98F7B5828CF786A007A6024 /* Resources */ = {
			isa = PBXResourcesBuildPhase;
			buildActionMask = 2147483647;
			files = (
				E98F7B7A28CF786A007A6024 /* Assets.xcassets in Resources */,
			);
			runOnlyForDeploymentPostprocessing = 0;
		};
		E98F7B5F28CF786A007A6024 /* Resources */ = {
			isa = PBXResourcesBuildPhase;
			buildActionMask = 2147483647;
			files = (
			);
			runOnlyForDeploymentPostprocessing = 0;
		};
		E98F7B6B28CF786A007A6024 /* Resources */ = {
			isa = PBXResourcesBuildPhase;
			buildActionMask = 2147483647;
			files = (
			);
			runOnlyForDeploymentPostprocessing = 0;
		};
/* End PBXResourcesBuildPhase section */

/* Begin PBXSourcesBuildPhase section */
		E98F7B5028CF786A007A6024 /* Sources */ = {
			isa = PBXSourcesBuildPhase;
			buildActionMask = 2147483647;
			files = (
				E90FDF9628DA36A000091CA7 /* FilterSortButton.swift in Sources */,
				E98F7B9928CF8CCD007A6024 /* Closet.swift in Sources */,
				E98F7B9E28D3944A007A6024 /* SearchBar.swift in Sources */,
				E90FDF9428D8E24900091CA7 /* SearchResults.swift in Sources */,
				E98F7B7728CF786A007A6024 /* ContentView.swift in Sources */,
				E98F7B9728CF8CC4007A6024 /* Search.swift in Sources */,
				E98F7B9528CF8CBC007A6024 /* Home.swift in Sources */,
				E98F7B7528CF786A007A6024 /* RiftApp.swift in Sources */,
				E9411EED28D3A9D600DB590D /* DirectSearch.swift in Sources */,
				5262158A28D3940700C89D2A /* HowItWorks.swift in Sources */,
				E98F7B9B28CF8CD3007A6024 /* Account.swift in Sources */,
				E90FDF9828E4CD1F00091CA7 /* try.swift in Sources */,
			);
			runOnlyForDeploymentPostprocessing = 0;
		};
		E98F7B5628CF786A007A6024 /* Sources */ = {
			isa = PBXSourcesBuildPhase;
			buildActionMask = 2147483647;
			files = (
				E98F7B7828CF786A007A6024 /* ContentView.swift in Sources */,
				E98F7B7628CF786A007A6024 /* RiftApp.swift in Sources */,
			);
			runOnlyForDeploymentPostprocessing = 0;
		};
		E98F7B5D28CF786A007A6024 /* Sources */ = {
			isa = PBXSourcesBuildPhase;
			buildActionMask = 2147483647;
			files = (
			);
			runOnlyForDeploymentPostprocessing = 0;
		};
		E98F7B6928CF786A007A6024 /* Sources */ = {
			isa = PBXSourcesBuildPhase;
			buildActionMask = 2147483647;
			files = (
			);
			runOnlyForDeploymentPostprocessing = 0;
		};
/* End PBXSourcesBuildPhase section */

/* Begin PBXTargetDependency section */
		E98F7B6328CF786A007A6024 /* PBXTargetDependency */ = {
			isa = PBXTargetDependency;
			target = E98F7B5328CF786A007A6024 /* Rift (iOS) */;
			targetProxy = E98F7B6228CF786A007A6024 /* PBXContainerItemProxy */;
		};
		E98F7B6F28CF786A007A6024 /* PBXTargetDependency */ = {
			isa = PBXTargetDependency;
			target = E98F7B5928CF786A007A6024 /* Rift (macOS) */;
			targetProxy = E98F7B6E28CF786A007A6024 /* PBXContainerItemProxy */;
		};
/* End PBXTargetDependency section */

/* Begin XCBuildConfiguration section */
		E98F7B7B28CF786A007A6024 /* Debug */ = {
			isa = XCBuildConfiguration;
			buildSettings = {
				ALWAYS_SEARCH_USER_PATHS = NO;
				CLANG_ANALYZER_NONNULL = YES;
				CLANG_ANALYZER_NUMBER_OBJECT_CONVERSION = YES_AGGRESSIVE;
				CLANG_CXX_LANGUAGE_STANDARD = "gnu++17";
				CLANG_ENABLE_MODULES = YES;
				CLANG_ENABLE_OBJC_ARC = YES;
				CLANG_ENABLE_OBJC_WEAK = YES;
				CLANG_WARN_BLOCK_CAPTURE_AUTORELEASING = YES;
				CLANG_WARN_BOOL_CONVERSION = YES;
				CLANG_WARN_COMMA = YES;
				CLANG_WARN_CONSTANT_CONVERSION = YES;
				CLANG_WARN_DEPRECATED_OBJC_IMPLEMENTATIONS = YES;
				CLANG_WARN_DIRECT_OBJC_ISA_USAGE = YES_ERROR;
				CLANG_WARN_DOCUMENTATION_COMMENTS = YES;
				CLANG_WARN_EMPTY_BODY = YES;
				CLANG_WARN_ENUM_CONVERSION = YES;
				CLANG_WARN_INFINITE_RECURSION = YES;
				CLANG_WARN_INT_CONVERSION = YES;
				CLANG_WARN_NON_LITERAL_NULL_CONVERSION = YES;
				CLANG_WARN_OBJC_IMPLICIT_RETAIN_SELF = YES;
				CLANG_WARN_OBJC_LITERAL_CONVERSION = YES;
				CLANG_WARN_OBJC_ROOT_CLASS = YES_ERROR;
				CLANG_WARN_QUOTED_INCLUDE_IN_FRAMEWORK_HEADER = YES;
				CLANG_WARN_RANGE_LOOP_ANALYSIS = YES;
				CLANG_WARN_STRICT_PROTOTYPES = YES;
				CLANG_WARN_SUSPICIOUS_MOVE = YES;
				CLANG_WARN_UNGUARDED_AVAILABILITY = YES_AGGRESSIVE;
				CLANG_WARN_UNREACHABLE_CODE = YES;
				CLANG_WARN__DUPLICATE_METHOD_MATCH = YES;
				COPY_PHASE_STRIP = NO;
				DEBUG_INFORMATION_FORMAT = dwarf;
				ENABLE_STRICT_OBJC_MSGSEND = YES;
				ENABLE_TESTABILITY = YES;
				GCC_C_LANGUAGE_STANDARD = gnu11;
				GCC_DYNAMIC_NO_PIC = NO;
				GCC_NO_COMMON_BLOCKS = YES;
				GCC_OPTIMIZATION_LEVEL = 0;
				GCC_PREPROCESSOR_DEFINITIONS = (
					"DEBUG=1",
					"$(inherited)",
				);
				GCC_WARN_64_TO_32_BIT_CONVERSION = YES;
				GCC_WARN_ABOUT_RETURN_TYPE = YES_ERROR;
				GCC_WARN_UNDECLARED_SELECTOR = YES;
				GCC_WARN_UNINITIALIZED_AUTOS = YES_AGGRESSIVE;
				GCC_WARN_UNUSED_FUNCTION = YES;
				GCC_WARN_UNUSED_VARIABLE = YES;
				MTL_ENABLE_DEBUG_INFO = INCLUDE_SOURCE;
				MTL_FAST_MATH = YES;
				ONLY_ACTIVE_ARCH = YES;
				SWIFT_ACTIVE_COMPILATION_CONDITIONS = DEBUG;
				SWIFT_OPTIMIZATION_LEVEL = "-Onone";
			};
			name = Debug;
		};
		E98F7B7C28CF786A007A6024 /* Release */ = {
			isa = XCBuildConfiguration;
			buildSettings = {
				ALWAYS_SEARCH_USER_PATHS = NO;
				CLANG_ANALYZER_NONNULL = YES;
				CLANG_ANALYZER_NUMBER_OBJECT_CONVERSION = YES_AGGRESSIVE;
				CLANG_CXX_LANGUAGE_STANDARD = "gnu++17";
				CLANG_ENABLE_MODULES = YES;
				CLANG_ENABLE_OBJC_ARC = YES;
				CLANG_ENABLE_OBJC_WEAK = YES;
				CLANG_WARN_BLOCK_CAPTURE_AUTORELEASING = YES;
				CLANG_WARN_BOOL_CONVERSION = YES;
				CLANG_WARN_COMMA = YES;
				CLANG_WARN_CONSTANT_CONVERSION = YES;
				CLANG_WARN_DEPRECATED_OBJC_IMPLEMENTATIONS = YES;
				CLANG_WARN_DIRECT_OBJC_ISA_USAGE = YES_ERROR;
				CLANG_WARN_DOCUMENTATION_COMMENTS = YES;
				CLANG_WARN_EMPTY_BODY = YES;
				CLANG_WARN_ENUM_CONVERSION = YES;
				CLANG_WARN_INFINITE_RECURSION = YES;
				CLANG_WARN_INT_CONVERSION = YES;
				CLANG_WARN_NON_LITERAL_NULL_CONVERSION = YES;
				CLANG_WARN_OBJC_IMPLICIT_RETAIN_SELF = YES;
				CLANG_WARN_OBJC_LITERAL_CONVERSION = YES;
				CLANG_WARN_OBJC_ROOT_CLASS = YES_ERROR;
				CLANG_WARN_QUOTED_INCLUDE_IN_FRAMEWORK_HEADER = YES;
				CLANG_WARN_RANGE_LOOP_ANALYSIS = YES;
				CLANG_WARN_STRICT_PROTOTYPES = YES;
				CLANG_WARN_SUSPICIOUS_MOVE = YES;
				CLANG_WARN_UNGUARDED_AVAILABILITY = YES_AGGRESSIVE;
				CLANG_WARN_UNREACHABLE_CODE = YES;
				CLANG_WARN__DUPLICATE_METHOD_MATCH = YES;
				COPY_PHASE_STRIP = NO;
				DEBUG_INFORMATION_FORMAT = "dwarf-with-dsym";
				ENABLE_NS_ASSERTIONS = NO;
				ENABLE_STRICT_OBJC_MSGSEND = YES;
				GCC_C_LANGUAGE_STANDARD = gnu11;
				GCC_NO_COMMON_BLOCKS = YES;
				GCC_WARN_64_TO_32_BIT_CONVERSION = YES;
				GCC_WARN_ABOUT_RETURN_TYPE = YES_ERROR;
				GCC_WARN_UNDECLARED_SELECTOR = YES;
				GCC_WARN_UNINITIALIZED_AUTOS = YES_AGGRESSIVE;
				GCC_WARN_UNUSED_FUNCTION = YES;
				GCC_WARN_UNUSED_VARIABLE = YES;
				MTL_ENABLE_DEBUG_INFO = NO;
				MTL_FAST_MATH = YES;
				SWIFT_COMPILATION_MODE = wholemodule;
				SWIFT_OPTIMIZATION_LEVEL = "-O";
			};
			name = Release;
		};
		E98F7B7E28CF786A007A6024 /* Debug */ = {
			isa = XCBuildConfiguration;
			buildSettings = {
				ASSETCATALOG_COMPILER_APPICON_NAME = AppIcon;
				ASSETCATALOG_COMPILER_GLOBAL_ACCENT_COLOR_NAME = AccentColor;
				CODE_SIGN_STYLE = Automatic;
				CURRENT_PROJECT_VERSION = 1;
				DEVELOPMENT_TEAM = SR38NT6P89;
				ENABLE_PREVIEWS = YES;
				GENERATE_INFOPLIST_FILE = YES;
				INFOPLIST_KEY_UIApplicationSceneManifest_Generation = YES;
				INFOPLIST_KEY_UIApplicationSupportsIndirectInputEvents = YES;
				INFOPLIST_KEY_UILaunchScreen_Generation = YES;
				INFOPLIST_KEY_UISupportedInterfaceOrientations = UIInterfaceOrientationPortrait;
				INFOPLIST_KEY_UISupportedInterfaceOrientations_iPad = "UIInterfaceOrientationPortrait UIInterfaceOrientationPortraitUpsideDown UIInterfaceOrientationLandscapeLeft UIInterfaceOrientationLandscapeRight";
				INFOPLIST_KEY_UISupportedInterfaceOrientations_iPhone = "UIInterfaceOrientationPortrait UIInterfaceOrientationLandscapeLeft UIInterfaceOrientationLandscapeRight";
				IPHONEOS_DEPLOYMENT_TARGET = 15.5;
				LD_RUNPATH_SEARCH_PATHS = (
					"$(inherited)",
					"@executable_path/Frameworks",
				);
				MARKETING_VERSION = 1.0;
				PRODUCT_BUNDLE_IDENTIFIER = project.Rift;
				PRODUCT_NAME = Rift;
				SDKROOT = iphoneos;
				SWIFT_EMIT_LOC_STRINGS = YES;
				SWIFT_VERSION = 5.0;
				TARGETED_DEVICE_FAMILY = "1,2";
			};
			name = Debug;
		};
		E98F7B7F28CF786A007A6024 /* Release */ = {
			isa = XCBuildConfiguration;
			buildSettings = {
				ASSETCATALOG_COMPILER_APPICON_NAME = AppIcon;
				ASSETCATALOG_COMPILER_GLOBAL_ACCENT_COLOR_NAME = AccentColor;
				CODE_SIGN_STYLE = Automatic;
				CURRENT_PROJECT_VERSION = 1;
				DEVELOPMENT_TEAM = SR38NT6P89;
				ENABLE_PREVIEWS = YES;
				GENERATE_INFOPLIST_FILE = YES;
				INFOPLIST_KEY_UIApplicationSceneManifest_Generation = YES;
				INFOPLIST_KEY_UIApplicationSupportsIndirectInputEvents = YES;
				INFOPLIST_KEY_UILaunchScreen_Generation = YES;
				INFOPLIST_KEY_UISupportedInterfaceOrientations = UIInterfaceOrientationPortrait;
				INFOPLIST_KEY_UISupportedInterfaceOrientations_iPad = "UIInterfaceOrientationPortrait UIInterfaceOrientationPortraitUpsideDown UIInterfaceOrientationLandscapeLeft UIInterfaceOrientationLandscapeRight";
				INFOPLIST_KEY_UISupportedInterfaceOrientations_iPhone = "UIInterfaceOrientationPortrait UIInterfaceOrientationLandscapeLeft UIInterfaceOrientationLandscapeRight";
				IPHONEOS_DEPLOYMENT_TARGET = 15.5;
				LD_RUNPATH_SEARCH_PATHS = (
					"$(inherited)",
					"@executable_path/Frameworks",
				);
				MARKETING_VERSION = 1.0;
				PRODUCT_BUNDLE_IDENTIFIER = project.Rift;
				PRODUCT_NAME = Rift;
				SDKROOT = iphoneos;
				SWIFT_EMIT_LOC_STRINGS = YES;
				SWIFT_VERSION = 5.0;
				TARGETED_DEVICE_FAMILY = "1,2";
				VALIDATE_PRODUCT = YES;
			};
			name = Release;
		};
		E98F7B8128CF786A007A6024 /* Debug */ = {
			isa = XCBuildConfiguration;
			buildSettings = {
				ASSETCATALOG_COMPILER_APPICON_NAME = AppIcon;
				ASSETCATALOG_COMPILER_GLOBAL_ACCENT_COLOR_NAME = AccentColor;
				CODE_SIGN_ENTITLEMENTS = macOS/macOS.entitlements;
				CODE_SIGN_STYLE = Automatic;
				COMBINE_HIDPI_IMAGES = YES;
				CURRENT_PROJECT_VERSION = 1;
				DEVELOPMENT_TEAM = 3N5P5RXK8B;
				ENABLE_HARDENED_RUNTIME = YES;
				ENABLE_PREVIEWS = YES;
				GENERATE_INFOPLIST_FILE = YES;
				INFOPLIST_KEY_NSHumanReadableCopyright = "";
				LD_RUNPATH_SEARCH_PATHS = (
					"$(inherited)",
					"@executable_path/../Frameworks",
				);
				MACOSX_DEPLOYMENT_TARGET = 12.3;
				MARKETING_VERSION = 1.0;
				PRODUCT_BUNDLE_IDENTIFIER = project.Rift;
				PRODUCT_NAME = Rift;
				SDKROOT = macosx;
				SWIFT_EMIT_LOC_STRINGS = YES;
				SWIFT_VERSION = 5.0;
			};
			name = Debug;
		};
		E98F7B8228CF786A007A6024 /* Release */ = {
			isa = XCBuildConfiguration;
			buildSettings = {
				ASSETCATALOG_COMPILER_APPICON_NAME = AppIcon;
				ASSETCATALOG_COMPILER_GLOBAL_ACCENT_COLOR_NAME = AccentColor;
				CODE_SIGN_ENTITLEMENTS = macOS/macOS.entitlements;
				CODE_SIGN_STYLE = Automatic;
				COMBINE_HIDPI_IMAGES = YES;
				CURRENT_PROJECT_VERSION = 1;
				DEVELOPMENT_TEAM = 3N5P5RXK8B;
				ENABLE_HARDENED_RUNTIME = YES;
				ENABLE_PREVIEWS = YES;
				GENERATE_INFOPLIST_FILE = YES;
				INFOPLIST_KEY_NSHumanReadableCopyright = "";
				LD_RUNPATH_SEARCH_PATHS = (
					"$(inherited)",
					"@executable_path/../Frameworks",
				);
				MACOSX_DEPLOYMENT_TARGET = 12.3;
				MARKETING_VERSION = 1.0;
				PRODUCT_BUNDLE_IDENTIFIER = project.Rift;
				PRODUCT_NAME = Rift;
				SDKROOT = macosx;
				SWIFT_EMIT_LOC_STRINGS = YES;
				SWIFT_VERSION = 5.0;
			};
			name = Release;
		};
		E98F7B8428CF786A007A6024 /* Debug */ = {
			isa = XCBuildConfiguration;
			buildSettings = {
				ALWAYS_EMBED_SWIFT_STANDARD_LIBRARIES = YES;
				CODE_SIGN_STYLE = Automatic;
				CURRENT_PROJECT_VERSION = 1;
				DEVELOPMENT_TEAM = 3N5P5RXK8B;
				GENERATE_INFOPLIST_FILE = YES;
				IPHONEOS_DEPLOYMENT_TARGET = 15.5;
				MARKETING_VERSION = 1.0;
				PRODUCT_BUNDLE_IDENTIFIER = "project.Tests-iOS";
				PRODUCT_NAME = "$(TARGET_NAME)";
				SDKROOT = iphoneos;
				SWIFT_EMIT_LOC_STRINGS = NO;
				SWIFT_VERSION = 5.0;
				TARGETED_DEVICE_FAMILY = "1,2";
				TEST_TARGET_NAME = "Rift (iOS)";
			};
			name = Debug;
		};
		E98F7B8528CF786A007A6024 /* Release */ = {
			isa = XCBuildConfiguration;
			buildSettings = {
				ALWAYS_EMBED_SWIFT_STANDARD_LIBRARIES = YES;
				CODE_SIGN_STYLE = Automatic;
				CURRENT_PROJECT_VERSION = 1;
				DEVELOPMENT_TEAM = 3N5P5RXK8B;
				GENERATE_INFOPLIST_FILE = YES;
				IPHONEOS_DEPLOYMENT_TARGET = 15.5;
				MARKETING_VERSION = 1.0;
				PRODUCT_BUNDLE_IDENTIFIER = "project.Tests-iOS";
				PRODUCT_NAME = "$(TARGET_NAME)";
				SDKROOT = iphoneos;
				SWIFT_EMIT_LOC_STRINGS = NO;
				SWIFT_VERSION = 5.0;
				TARGETED_DEVICE_FAMILY = "1,2";
				TEST_TARGET_NAME = "Rift (iOS)";
				VALIDATE_PRODUCT = YES;
			};
			name = Release;
		};
		E98F7B8728CF786A007A6024 /* Debug */ = {
			isa = XCBuildConfiguration;
			buildSettings = {
				ALWAYS_EMBED_SWIFT_STANDARD_LIBRARIES = YES;
				CODE_SIGN_STYLE = Automatic;
				CURRENT_PROJECT_VERSION = 1;
				DEVELOPMENT_TEAM = 3N5P5RXK8B;
				GENERATE_INFOPLIST_FILE = YES;
				MACOSX_DEPLOYMENT_TARGET = 12.3;
				MARKETING_VERSION = 1.0;
				PRODUCT_BUNDLE_IDENTIFIER = "project.Tests-macOS";
				PRODUCT_NAME = "$(TARGET_NAME)";
				SDKROOT = macosx;
				SWIFT_EMIT_LOC_STRINGS = NO;
				SWIFT_VERSION = 5.0;
				TEST_TARGET_NAME = "Rift (macOS)";
			};
			name = Debug;
		};
		E98F7B8828CF786A007A6024 /* Release */ = {
			isa = XCBuildConfiguration;
			buildSettings = {
				ALWAYS_EMBED_SWIFT_STANDARD_LIBRARIES = YES;
				CODE_SIGN_STYLE = Automatic;
				CURRENT_PROJECT_VERSION = 1;
				DEVELOPMENT_TEAM = 3N5P5RXK8B;
				GENERATE_INFOPLIST_FILE = YES;
				MACOSX_DEPLOYMENT_TARGET = 12.3;
				MARKETING_VERSION = 1.0;
				PRODUCT_BUNDLE_IDENTIFIER = "project.Tests-macOS";
				PRODUCT_NAME = "$(TARGET_NAME)";
				SDKROOT = macosx;
				SWIFT_EMIT_LOC_STRINGS = NO;
				SWIFT_VERSION = 5.0;
				TEST_TARGET_NAME = "Rift (macOS)";
			};
			name = Release;
		};
/* End XCBuildConfiguration section */

/* Begin XCConfigurationList section */
		E98F7B4B28CF7867007A6024 /* Build configuration list for PBXProject "Rift" */ = {
			isa = XCConfigurationList;
			buildConfigurations = (
				E98F7B7B28CF786A007A6024 /* Debug */,
				E98F7B7C28CF786A007A6024 /* Release */,
			);
			defaultConfigurationIsVisible = 0;
			defaultConfigurationName = Release;
		};
		E98F7B7D28CF786A007A6024 /* Build configuration list for PBXNativeTarget "Rift (iOS)" */ = {
			isa = XCConfigurationList;
			buildConfigurations = (
				E98F7B7E28CF786A007A6024 /* Debug */,
				E98F7B7F28CF786A007A6024 /* Release */,
			);
			defaultConfigurationIsVisible = 0;
			defaultConfigurationName = Release;
		};
		E98F7B8028CF786A007A6024 /* Build configuration list for PBXNativeTarget "Rift (macOS)" */ = {
			isa = XCConfigurationList;
			buildConfigurations = (
				E98F7B8128CF786A007A6024 /* Debug */,
				E98F7B8228CF786A007A6024 /* Release */,
			);
			defaultConfigurationIsVisible = 0;
			defaultConfigurationName = Release;
		};
		E98F7B8328CF786A007A6024 /* Build configuration list for PBXNativeTarget "Tests iOS" */ = {
			isa = XCConfigurationList;
			buildConfigurations = (
				E98F7B8428CF786A007A6024 /* Debug */,
				E98F7B8528CF786A007A6024 /* Release */,
			);
			defaultConfigurationIsVisible = 0;
			defaultConfigurationName = Release;
		};
		E98F7B8628CF786A007A6024 /* Build configuration list for PBXNativeTarget "Tests macOS" */ = {
			isa = XCConfigurationList;
			buildConfigurations = (
				E98F7B8728CF786A007A6024 /* Debug */,
				E98F7B8828CF786A007A6024 /* Release */,
			);
			defaultConfigurationIsVisible = 0;
			defaultConfigurationName = Release;
		};
/* End XCConfigurationList section */

/* Begin XCRemoteSwiftPackageReference section */
		5262158B28D578C900C89D2A /* XCRemoteSwiftPackageReference "hstack-snap-to-scroll" */ = {
			isa = XCRemoteSwiftPackageReference;
			repositoryURL = "https://github.com/swiftui-library/hstack-snap-to-scroll";
			requirement = {
				kind = upToNextMajorVersion;
				minimumVersion = 1.0.0;
			};
		};
/* End XCRemoteSwiftPackageReference section */

/* Begin XCSwiftPackageProductDependency section */
		5262158C28D578CA00C89D2A /* SnapToScroll */ = {
			isa = XCSwiftPackageProductDependency;
			package = 5262158B28D578C900C89D2A /* XCRemoteSwiftPackageReference "hstack-snap-to-scroll" */;
			productName = SnapToScroll;
		};
/* End XCSwiftPackageProductDependency section */
	};
	rootObject = E98F7B4828CF7867007A6024 /* Project object */;
}
